
Microsoft Visual Studio Solution File, Format Version 12.00
# Visual Studio Version 17
VisualStudioVersion = 17.2.32526.322
MinimumVisualStudioVersion = 10.0.40219.1
Project("{FAE04EC0-301F-11D3-BF4B-00C04F79EFBC}") = "MyFolderProject", "MyFolderProject\MyFolderProject.csproj", "{84BFD3A7-DCB9-4FFF-A340-0EB01A118A72}"
EndProject
Global
	GlobalSection(SolutionConfigurationPlatforms) = preSolution
		Debug|Any CPU = Debug|Any CPU
		Release|Any CPU = Release|Any CPU
	EndGlobalSection
	GlobalSection(ProjectConfigurationPlatforms) = postSolution
		{84BFD3A7-DCB9-4FFF-A340-0EB01A118A72}.Debug|Any CPU.ActiveCfg = Debug|Any CPU
		{84BFD3A7-DCB9-4FFF-A340-0EB01A118A72}.Debug|Any CPU.Build.0 = Debug|Any CPU
		{84BFD3A7-DCB9-4FFF-A340-0EB01A118A72}.Release|Any CPU.ActiveCfg = Release|Any CPU
		{84BFD3A7-DCB9-4FFF-A340-0EB01A118A72}.Release|Any CPU.Build.0 = Release|Any CPU
	EndGlobalSection
	GlobalSection(SolutionProperties) = preSolution
		HideSolutionNode = FALSE
	EndGlobalSection
	GlobalSection(ExtensibilityGlobals) = postSolution
		SolutionGuid = {4CA77A5D-38B4-457C-83EF-055A5314C6AF}
	EndGlobalSection
EndGlobal
